
Microsoft Visual Studio Solution File, Format Version 12.00
# Visual Studio Version 16
VisualStudioVersion = 16.0.30611.23
MinimumVisualStudioVersion = 10.0.40219.1
Project("{FAE04EC0-301F-11D3-BF4B-00C04F79EFBC}") = "Busqueda Binaria Recursividad bucle while", "Busqueda Binaria Recursividad bucle while\Busqueda Binaria Recursividad bucle while.csproj", "{36AE472F-1DCE-4C4F-8D25-E0D412576D77}"
EndProject
Global
	GlobalSection(SolutionConfigurationPlatforms) = preSolution
		Debug|Any CPU = Debug|Any CPU
		Release|Any CPU = Release|Any CPU
	EndGlobalSection
	GlobalSection(ProjectConfigurationPlatforms) = postSolution
		{36AE472F-1DCE-4C4F-8D25-E0D412576D77}.Debug|Any CPU.ActiveCfg = Debug|Any CPU
		{36AE472F-1DCE-4C4F-8D25-E0D412576D77}.Debug|Any CPU.Build.0 = Debug|Any CPU
		{36AE472F-1DCE-4C4F-8D25-E0D412576D77}.Release|Any CPU.ActiveCfg = Release|Any CPU
		{36AE472F-1DCE-4C4F-8D25-E0D412576D77}.Release|Any CPU.Build.0 = Release|Any CPU
	EndGlobalSection
	GlobalSection(SolutionProperties) = preSolution
		HideSolutionNode = FALSE
	EndGlobalSection
	GlobalSection(ExtensibilityGlobals) = postSolution
		SolutionGuid = {C93B5C98-49E0-4DDA-9ABE-AD8FD78342AC}
	EndGlobalSection
EndGlobal
